// !$*UTF8*$!
{
	archiveVersion = 1;
	classes = {
	};
	objectVersion = 46;
	objects = {

/* Begin PBXBuildFile section */
		42E5BA911DD775CA006B0768 /* AppDelegate.swift in Sources */ = {isa = PBXBuildFile; fileRef = 42E5BA901DD775CA006B0768 /* AppDelegate.swift */; };
		42E5BA931DD775CA006B0768 /* ViewController.swift in Sources */ = {isa = PBXBuildFile; fileRef = 42E5BA921DD775CA006B0768 /* ViewController.swift */; };
		42E5BA961DD775CA006B0768 /* Main.storyboard in Resources */ = {isa = PBXBuildFile; fileRef = 42E5BA941DD775CA006B0768 /* Main.storyboard */; };
		42E5BA981DD775CA006B0768 /* Assets.xcassets in Resources */ = {isa = PBXBuildFile; fileRef = 42E5BA971DD775CA006B0768 /* Assets.xcassets */; };
		42E5BA9B1DD775CB006B0768 /* LaunchScreen.storyboard in Resources */ = {isa = PBXBuildFile; fileRef = 42E5BA991DD775CB006B0768 /* LaunchScreen.storyboard */; };
/* End PBXBuildFile section */

/* Begin PBXFileReference section */
		42E5BA8D1DD775CA006B0768 /* Tap Me Fast.app */ = {isa = PBXFileReference; explicitFileType = wrapper.application; includeInIndex = 0; path = "Tap Me Fast.app"; sourceTree = BUILT_PRODUCTS_DIR; };
		42E5BA901DD775CA006B0768 /* AppDelegate.swift */ = {isa = PBXFileReference; lastKnownFileType = sourcecode.swift; path = AppDelegate.swift; sourceTree = "<group>"; };
		42E5BA921DD775CA006B0768 /* ViewController.swift */ = {isa = PBXFileReference; lastKnownFileType = sourcecode.swift; path = ViewController.swift; sourceTree = "<group>"; };
		42E5BA951DD775CA006B0768 /* Base */ = {isa = PBXFileReference; lastKnownFileType = file.storyboard; name = Base; path = Base.lproj/Main.storyboard; sourceTree = "<group>"; };
		42E5BA971DD775CA006B0768 /* Assets.xcassets */ = {isa = PBXFileReference; lastKnownFileType = folder.assetcatalog; path = Assets.xcassets; sourceTree = "<group>"; };
		42E5BA9A1DD775CB006B0768 /* Base */ = {isa = PBXFileReference; lastKnownFileType = file.storyboard; name = Base; path = Base.lproj/LaunchScreen.storyboard; sourceTree = "<group>"; };
		42E5BA9C1DD775CB006B0768 /* Info.plist */ = {isa = PBXFileReference; lastKnownFileType = text.plist.xml; path = Info.plist; sourceTree = "<group>"; };
/* End PBXFileReference section */

/* Begin PBXFrameworksBuildPhase section */
		42E5BA8A1DD775CA006B0768 /* Frameworks */ = {
			isa = PBXFrameworksBuildPhase;
			buildActionMask = 2147483647;
			files = (
			);
			runOnlyForDeploymentPostprocessing = 0;
		};
/* End PBXFrameworksBuildPhase section */

/* Begin PBXGroup section */
		42E5BA841DD775CA006B0768 = {
			isa = PBXGroup;
			children = (
				42E5BA8F1DD775CA006B0768 /* Tap Me Fast */,
				42E5BA8E1DD775CA006B0768 /* Products */,
			);
			sourceTree = "<group>";
		};
		42E5BA8E1DD775CA006B0768 /* Products */ = {
			isa = PBXGroup;
			children = (
				42E5BA8D1DD775CA006B0768 /* Tap Me Fast.app */,
			);
			name = Products;
			sourceTree = "<group>";
		};
		42E5BA8F1DD775CA006B0768 /* Tap Me Fast */ = {
			isa = PBXGroup;
			children = (
				42E5BA901DD775CA006B0768 /* AppDelegate.swift */,
				42E5BA921DD775CA006B0768 /* ViewController.swift */,
				42E5BA941DD775CA006B0768 /* Main.storyboard */,
				42E5BA971DD775CA006B0768 /* Assets.xcassets */,
				42E5BA991DD775CB006B0768 /* LaunchScreen.storyboard */,
				42E5BA9C1DD775CB006B0768 /* Info.plist */,
			);
			path = "Tap Me Fast";
			sourceTree = "<group>";
		};
/* End PBXGroup section */

/* Begin PBXNativeTarget section */
		42E5BA8C1DD775CA006B0768 /* Tap Me Fast */ = {
			isa = PBXNativeTarget;
			buildConfigurationList = 42E5BA9F1DD775CB006B0768 /* Build configuration list for PBXNativeTarget "Tap Me Fast" */;
			buildPhases = (
				42E5BA891DD775CA006B0768 /* Sources */,
				42E5BA8A1DD775CA006B0768 /* Frameworks */,
				42E5BA8B1DD775CA006B0768 /* Resources */,
			);
			buildRules = (
			);
			dependencies = (
			);
			name = "Tap Me Fast";
			productName = "Tap Me Fast";
			productReference = 42E5BA8D1DD775CA006B0768 /* Tap Me Fast.app */;
			productType = "com.apple.product-type.application";
		};
/* End PBXNativeTarget section */

/* Begin PBXProject section */
		42E5BA851DD775CA006B0768 /* Project object */ = {
			isa = PBXProject;
			attributes = {
				LastSwiftUpdateCheck = 0810;
				LastUpgradeCheck = 0810;
				ORGANIZATIONNAME = "Jake Buller";
				TargetAttributes = {
					42E5BA8C1DD775CA006B0768 = {
						CreatedOnToolsVersion = 8.1;
						DevelopmentTeam = 44L9F5ZGNX;
						ProvisioningStyle = Automatic;
					};
				};
			};
			buildConfigurationList = 42E5BA881DD775CA006B0768 /* Build configuration list for PBXProject "Tap Me Fast" */;
			compatibilityVersion = "Xcode 3.2";
			developmentRegion = English;
			hasScannedForEncodings = 0;
			knownRegions = (
				en,
				Base,
			);
			mainGroup = 42E5BA841DD775CA006B0768;
			productRefGroup = 42E5BA8E1DD775CA006B0768 /* Products */;
			projectDirPath = "";
			projectRoot = "";
			targets = (
				42E5BA8C1DD775CA006B0768 /* Tap Me Fast */,
			);
		};
/* End PBXProject section */

/* Begin PBXResourcesBuildPhase section */
		42E5BA8B1DD775CA006B0768 /* Resources */ = {
			isa = PBXResourcesBuildPhase;
			buildActionMask = 2147483647;
			files = (
				42E5BA9B1DD775CB006B0768 /* LaunchScreen.storyboard in Resources */,
				42E5BA981DD775CA006B0768 /* Assets.xcassets in Resources */,
				42E5BA961DD775CA006B0768 /* Main.storyboard in Resources */,
			);
			runOnlyForDeploymentPostprocessing = 0;
		};
/* End PBXResourcesBuildPhase section */

/* Begin PBXSourcesBuildPhase section */
		42E5BA891DD775CA006B0768 /* Sources */ = {
			isa = PBXSourcesBuildPhase;
			buildActionMask = 2147483647;
			files = (
				42E5BA931DD775CA006B0768 /* ViewController.swift in Sources */,
				42E5BA911DD775CA006B0768 /* AppDelegate.swift in Sources */,
			);
			runOnlyForDeploymentPostprocessing = 0;
		};
/* End PBXSourcesBuildPhase section */

/* Begin PBXVariantGroup section */
		42E5BA941DD775CA006B0768 /* Main.storyboard */ = {
			isa = PBXVariantGroup;
			children = (
				42E5BA951DD775CA006B0768 /* Base */,
			);
			name = Main.storyboard;
			sourceTree = "<group>";
		};
		42E5BA991DD775CB006B0768 /* LaunchScreen.storyboard */ = {
			isa = PBXVariantGroup;
			children = (
				42E5BA9A1DD775CB006B0768 /* Base */,
			);
			name = LaunchScreen.storyboard;
			sourceTree = "<group>";
		};
/* End PBXVariantGroup section */

/* Begin XCBuildConfiguration section */
		42E5BA9D1DD775CB006B0768 /* Debug */ = {
			isa = XCBuildConfiguration;
			buildSettings = {
				ALWAYS_SEARCH_USER_PATHS = NO;
				CLANG_ANALYZER_NONNULL = YES;
				CLANG_CXX_LANGUAGE_STANDARD = "gnu++0x";
				CLANG_CXX_LIBRARY = "libc++";
				CLANG_ENABLE_MODULES = YES;
				CLANG_ENABLE_OBJC_ARC = YES;
				CLANG_WARN_BOOL_CONVERSION = YES;
				CLANG_WARN_CONSTANT_CONVERSION = YES;
				CLANG_WARN_DIRECT_OBJC_ISA_USAGE = YES_ERROR;
				CLANG_WARN_DOCUMENTATION_COMMENTS = YES;
				CLANG_WARN_EMPTY_BODY = YES;
				CLANG_WARN_ENUM_CONVERSION = YES;
				CLANG_WARN_INFINITE_RECURSION = YES;
				CLANG_WARN_INT_CONVERSION = YES;
				CLANG_WARN_OBJC_ROOT_CLASS = YES_ERROR;
				CLANG_WARN_SUSPICIOUS_MOVES = YES;
				CLANG_WARN_UNREACHABLE_CODE = YES;
				CLANG_WARN__DUPLICATE_METHOD_MATCH = YES;
				"CODE_SIGN_IDENTITY[sdk=iphoneos*]" = "iPhone Developer";
				COPY_PHASE_STRIP = NO;
				DEBUG_INFORMATION_FORMAT = dwarf;
				ENABLE_STRICT_OBJC_MSGSEND = YES;
				ENABLE_TESTABILITY = YES;
				GCC_C_LANGUAGE_STANDARD = gnu99;
				GCC_DYNAMIC_NO_PIC = NO;
				GCC_NO_COMMON_BLOCKS = YES;
				GCC_OPTIMIZATION_LEVEL = 0;
				GCC_PREPROCESSOR_DEFINITIONS = (
					"DEBUG=1",
					"$(inherited)",
				);
				GCC_WARN_64_TO_32_BIT_CONVERSION = YES;
				GCC_WARN_ABOUT_RETURN_TYPE = YES_ERROR;
				GCC_WARN_UNDECLARED_SELECTOR = YES;
				GCC_WARN_UNINITIALIZED_AUTOS = YES_AGGRESSIVE;
				GCC_WARN_UNUSED_FUNCTION = YES;
				GCC_WARN_UNUSED_VARIABLE = YES;
				IPHONEOS_DEPLOYMENT_TARGET = 10.1;
				MTL_ENABLE_DEBUG_INFO = YES;
				ONLY_ACTIVE_ARCH = YES;
				SDKROOT = iphoneos;
				SWIFT_ACTIVE_COMPILATION_CONDITIONS = DEBUG;
				SWIFT_OPTIMIZATION_LEVEL = "-Onone";
				TARGETED_DEVICE_FAMILY = "1,2";
			};
			name = Debug;
		};
		42E5BA9E1DD775CB006B0768 /* Release */ = {
			isa = XCBuildConfiguration;
			buildSettings = {
				ALWAYS_SEARCH_USER_PATHS = NO;
				CLANG_ANALYZER_NONNULL = YES;
				CLANG_CXX_LANGUAGE_STANDARD = "gnu++0x";
				CLANG_CXX_LIBRARY = "libc++";
				CLANG_ENABLE_MODULES = YES;
				CLANG_ENABLE_OBJC_ARC = YES;
				CLANG_WARN_BOOL_CONVERSION = YES;
				CLANG_WARN_CONSTANT_CONVERSION = YES;
				CLANG_WARN_DIRECT_OBJC_ISA_USAGE = YES_ERROR;
				CLANG_WARN_DOCUMENTATION_COMMENTS = YES;
				CLANG_WARN_EMPTY_BODY = YES;
				CLANG_WARN_ENUM_CONVERSION = YES;
				CLANG_WARN_INFINITE_RECURSION = YES;
				CLANG_WARN_INT_CONVERSION = YES;
				CLANG_WARN_OBJC_ROOT_CLASS = YES_ERROR;
				CLANG_WARN_SUSPICIOUS_MOVES = YES;
				CLANG_WARN_UNREACHABLE_CODE = YES;
				CLANG_WARN__DUPLICATE_METHOD_MATCH = YES;
				"CODE_SIGN_IDENTITY[sdk=iphoneos*]" = "iPhone Developer";
				COPY_PHASE_STRIP = NO;
				DEBUG_INFORMATION_FORMAT = "dwarf-with-dsym";
				ENABLE_NS_ASSERTIONS = NO;
				ENABLE_STRICT_OBJC_MSGSEND = YES;
				GCC_C_LANGUAGE_STANDARD = gnu99;
				GCC_NO_COMMON_BLOCKS = YES;
				GCC_WARN_64_TO_32_BIT_CONVERSION = YES;
				GCC_WARN_ABOUT_RETURN_TYPE = YES_ERROR;
				GCC_WARN_UNDECLARED_SELECTOR = YES;
				GCC_WARN_UNINITIALIZED_AUTOS = YES_AGGRESSIVE;
				GCC_WARN_UNUSED_FUNCTION = YES;
				GCC_WARN_UNUSED_VARIABLE = YES;
				IPHONEOS_DEPLOYMENT_TARGET = 10.1;
				MTL_ENABLE_DEBUG_INFO = NO;
				SDKROOT = iphoneos;
				SWIFT_OPTIMIZATION_LEVEL = "-Owholemodule";
				TARGETED_DEVICE_FAMILY = "1,2";
				VALIDATE_PRODUCT = YES;
			};
			name = Release;
		};
		42E5BAA01DD775CB006B0768 /* Debug */ = {
			isa = XCBuildConfiguration;
			buildSettings = {
				ASSETCATALOG_COMPILER_APPICON_NAME = AppIcon;
				DEVELOPMENT_TEAM = 44L9F5ZGNX;
				INFOPLIST_FILE = "Tap Me Fast/Info.plist";
				LD_RUNPATH_SEARCH_PATHS = "$(inherited) @executable_path/Frameworks";
				PRODUCT_BUNDLE_IDENTIFIER = "dev.jakebuller.Tap-Me-Fast";
				PRODUCT_NAME = "$(TARGET_NAME)";
				SWIFT_VERSION = 3.0;
			};
			name = Debug;
		};
		42E5BAA11DD775CB006B0768 /* Release */ = {
			isa = XCBuildConfiguration;
			buildSettings = {
				ASSETCATALOG_COMPILER_APPICON_NAME = AppIcon;
				DEVELOPMENT_TEAM = 44L9F5ZGNX;
				INFOPLIST_FILE = "Tap Me Fast/Info.plist";
				LD_RUNPATH_SEARCH_PATHS = "$(inherited) @executable_path/Frameworks";
				PRODUCT_BUNDLE_IDENTIFIER = "dev.jakebuller.Tap-Me-Fast";
				PRODUCT_NAME = "$(TARGET_NAME)";
				SWIFT_VERSION = 3.0;
			};
			name = Release;
		};
/* End XCBuildConfiguration section */

/* Begin XCConfigurationList section */
		42E5BA881DD775CA006B0768 /* Build configuration list for PBXProject "Tap Me Fast" */ = {
			isa = XCConfigurationList;
			buildConfigurations = (
				42E5BA9D1DD775CB006B0768 /* Debug */,
				42E5BA9E1DD775CB006B0768 /* Release */,
			);
			defaultConfigurationIsVisible = 0;
			defaultConfigurationName = Release;
		};
		42E5BA9F1DD775CB006B0768 /* Build configuration list for PBXNativeTarget "Tap Me Fast" */ = {
			isa = XCConfigurationList;
			buildConfigurations = (
				42E5BAA01DD775CB006B0768 /* Debug */,
				42E5BAA11DD775CB006B0768 /* Release */,
			);
			defaultConfigurationIsVisible = 0;
		};
/* End XCConfigurationList section */
	};
	rootObject = 42E5BA851DD775CA006B0768 /* Project object */;
}
